// !$*UTF8*$!
{
	archiveVersion = 1;
	classes = {
	};
	objectVersion = 55;
	objects = {

/* Begin PBXBuildFile section */
		1A9B72D12787421000824697 /* LoginSignupView.swift in Sources */ = {isa = PBXBuildFile; fileRef = 1A9B72D02787421000824697 /* LoginSignupView.swift */; };
		1ABBBE16278CD9A9009EFD87 /* PaymentInfoView.swift in Sources */ = {isa = PBXBuildFile; fileRef = 1ABBBE15278CD9A9009EFD87 /* PaymentInfoView.swift */; };
		1ABBBE18278CDA0D009EFD87 /* ServiceTermsView.swift in Sources */ = {isa = PBXBuildFile; fileRef = 1ABBBE17278CDA0D009EFD87 /* ServiceTermsView.swift */; };
		1ABBBE1A278CDA36009EFD87 /* PoliciesView.swift in Sources */ = {isa = PBXBuildFile; fileRef = 1ABBBE19278CDA36009EFD87 /* PoliciesView.swift */; };
		4E0B4CAD2772E13E00E15D88 /* FixView.swift in Sources */ = {isa = PBXBuildFile; fileRef = 4E0B4CAC2772E13E00E15D88 /* FixView.swift */; };
		4E0B4CAF2772E14F00E15D88 /* InstallationView.swift in Sources */ = {isa = PBXBuildFile; fileRef = 4E0B4CAE2772E14F00E15D88 /* InstallationView.swift */; };
		4E0B4CB12772E17300E15D88 /* RefreshNew.swift in Sources */ = {isa = PBXBuildFile; fileRef = 4E0B4CB02772E17300E15D88 /* RefreshNew.swift */; };
		4E180B9E277031E30056E04D /* HomeViewModel.swift in Sources */ = {isa = PBXBuildFile; fileRef = 4E180B9D277031E30056E04D /* HomeViewModel.swift */; };
		4E180BA0277033D40056E04D /* HomeNavView.swift in Sources */ = {isa = PBXBuildFile; fileRef = 4E180B9F277033D40056E04D /* HomeNavView.swift */; };
		4E19CCE6276AEEED006FF568 /* HandyManApp.swift in Sources */ = {isa = PBXBuildFile; fileRef = 4E19CCE5276AEEED006FF568 /* HandyManApp.swift */; };
		4E19CCE8276AEEED006FF568 /* ContentView.swift in Sources */ = {isa = PBXBuildFile; fileRef = 4E19CCE7276AEEED006FF568 /* ContentView.swift */; };
		4E19CCEA276AEEF0006FF568 /* Assets.xcassets in Resources */ = {isa = PBXBuildFile; fileRef = 4E19CCE9276AEEF0006FF568 /* Assets.xcassets */; };
		4E19CCED276AEEF0006FF568 /* Preview Assets.xcassets in Resources */ = {isa = PBXBuildFile; fileRef = 4E19CCEC276AEEF0006FF568 /* Preview Assets.xcassets */; };
		4E47A62E277FAAAA005BFA05 /* MineContentViewModel.swift in Sources */ = {isa = PBXBuildFile; fileRef = 4E47A62D277FAAAA005BFA05 /* MineContentViewModel.swift */; };
		4E47A6302780C7AC005BFA05 /* FixViewModel.swift in Sources */ = {isa = PBXBuildFile; fileRef = 4E47A62F2780C7AC005BFA05 /* FixViewModel.swift */; };
		4E47A6322780CF1D005BFA05 /* InstallationViewModel.swift in Sources */ = {isa = PBXBuildFile; fileRef = 4E47A6312780CF1D005BFA05 /* InstallationViewModel.swift */; };
		4E47A6342780D090005BFA05 /* RefreshNewViewModel.swift in Sources */ = {isa = PBXBuildFile; fileRef = 4E47A6332780D090005BFA05 /* RefreshNewViewModel.swift */; };
		4E47A660278287DB005BFA05 /* ChatingListPage.swift in Sources */ = {isa = PBXBuildFile; fileRef = 4E47A65F278287DB005BFA05 /* ChatingListPage.swift */; };
		4E47A6832785510A005BFA05 /* Keyboard.swift in Sources */ = {isa = PBXBuildFile; fileRef = 4E47A6822785510A005BFA05 /* Keyboard.swift */; };
		4E47A686278565A8005BFA05 /* FixDetail.swift in Sources */ = {isa = PBXBuildFile; fileRef = 4E47A685278565A8005BFA05 /* FixDetail.swift */; };
		4E47A68A278692FE005BFA05 /* OtherView.swift in Sources */ = {isa = PBXBuildFile; fileRef = 4E47A689278692FE005BFA05 /* OtherView.swift */; };
		4E47A68C278695CF005BFA05 /* TubeFixView.swift in Sources */ = {isa = PBXBuildFile; fileRef = 4E47A68B278695CF005BFA05 /* TubeFixView.swift */; };
		4E47A68E27869B92005BFA05 /* GroundFixView.swift in Sources */ = {isa = PBXBuildFile; fileRef = 4E47A68D27869B92005BFA05 /* GroundFixView.swift */; };
		4E47A69227869BD2005BFA05 /* LeakingFixView.swift in Sources */ = {isa = PBXBuildFile; fileRef = 4E47A69127869BD2005BFA05 /* LeakingFixView.swift */; };
		4E47A69427869BF2005BFA05 /* OtherFixView.swift in Sources */ = {isa = PBXBuildFile; fileRef = 4E47A69327869BF2005BFA05 /* OtherFixView.swift */; };
		4E47A6972786A13F005BFA05 /* InstallDetail.swift in Sources */ = {isa = PBXBuildFile; fileRef = 4E47A6962786A13F005BFA05 /* InstallDetail.swift */; };
		4E47A69F2786A283005BFA05 /* FloorInstallView.swift in Sources */ = {isa = PBXBuildFile; fileRef = 4E47A69E2786A283005BFA05 /* FloorInstallView.swift */; };
		4E47A6A12786A2AE005BFA05 /* FurnitureInstallView.swift in Sources */ = {isa = PBXBuildFile; fileRef = 4E47A6A02786A2AE005BFA05 /* FurnitureInstallView.swift */; };
		4E47A6A32786A2C8005BFA05 /* OtherInstallView.swift in Sources */ = {isa = PBXBuildFile; fileRef = 4E47A6A22786A2C8005BFA05 /* OtherInstallView.swift */; };
		4E47A6A72786A548005BFA05 /* WallFreshView.swift in Sources */ = {isa = PBXBuildFile; fileRef = 4E47A6A62786A548005BFA05 /* WallFreshView.swift */; };
		4E47A6A92786A569005BFA05 /* CeilingFreshView.swift in Sources */ = {isa = PBXBuildFile; fileRef = 4E47A6A82786A569005BFA05 /* CeilingFreshView.swift */; };
		4E47A6AB2786A581005BFA05 /* GroundFreshView.swift in Sources */ = {isa = PBXBuildFile; fileRef = 4E47A6AA2786A581005BFA05 /* GroundFreshView.swift */; };
		4E47A6AD2786A59A005BFA05 /* DoorFreshView.swift in Sources */ = {isa = PBXBuildFile; fileRef = 4E47A6AC2786A59A005BFA05 /* DoorFreshView.swift */; };
		4E47A6AF2786A5B2005BFA05 /* OtherFreshView.swift in Sources */ = {isa = PBXBuildFile; fileRef = 4E47A6AE2786A5B2005BFA05 /* OtherFreshView.swift */; };
		4E47A6B12786A5E3005BFA05 /* FreshDetail.swift in Sources */ = {isa = PBXBuildFile; fileRef = 4E47A6B02786A5E3005BFA05 /* FreshDetail.swift */; };
		4E47A6B32786B389005BFA05 /* WallFixView.swift in Sources */ = {isa = PBXBuildFile; fileRef = 4E47A6B22786B389005BFA05 /* WallFixView.swift */; };
		4E47A6B52786B3B9005BFA05 /* DoorWindowFixView.swift in Sources */ = {isa = PBXBuildFile; fileRef = 4E47A6B42786B3B9005BFA05 /* DoorWindowFixView.swift */; };
		4E47A6B92786B496005BFA05 /* DoorLockInstallView.swift in Sources */ = {isa = PBXBuildFile; fileRef = 4E47A6B82786B496005BFA05 /* DoorLockInstallView.swift */; };
		4E47A6BB2786B4B3005BFA05 /* WallInstallView.swift in Sources */ = {isa = PBXBuildFile; fileRef = 4E47A6BA2786B4B3005BFA05 /* WallInstallView.swift */; };
		4E47A6BD2786B53D005BFA05 /* LightInstallView.swift in Sources */ = {isa = PBXBuildFile; fileRef = 4E47A6BC2786B53D005BFA05 /* LightInstallView.swift */; };
		4E47A6C02787C17B005BFA05 /* MinePageDetail.swift in Sources */ = {isa = PBXBuildFile; fileRef = 4E47A6BF2787C17B005BFA05 /* MinePageDetail.swift */; };
		4E47A6C42787C239005BFA05 /* HistOrderView.swift in Sources */ = {isa = PBXBuildFile; fileRef = 4E47A6C32787C239005BFA05 /* HistOrderView.swift */; };
		4E47A6C62787C25F005BFA05 /* MyInfoView.swift in Sources */ = {isa = PBXBuildFile; fileRef = 4E47A6C52787C25F005BFA05 /* MyInfoView.swift */; };
		4E47A6C82787C278005BFA05 /* RatingView.swift in Sources */ = {isa = PBXBuildFile; fileRef = 4E47A6C72787C278005BFA05 /* RatingView.swift */; };
		4E47A6CA2787FE0D005BFA05 /* ContactView.swift in Sources */ = {isa = PBXBuildFile; fileRef = 4E47A6C92787FE0D005BFA05 /* ContactView.swift */; };
		4E9D930C276BC4E3001FFD3C /* HomePage.swift in Sources */ = {isa = PBXBuildFile; fileRef = 4E9D930B276BC4E3001FFD3C /* HomePage.swift */; };
		4E9D930E276BDA69001FFD3C /* CustomTabbarView.swift in Sources */ = {isa = PBXBuildFile; fileRef = 4E9D930D276BDA69001FFD3C /* CustomTabbarView.swift */; };
		4E9D9310276C0395001FFD3C /* OrderPage.swift in Sources */ = {isa = PBXBuildFile; fileRef = 4E9D930F276C0395001FFD3C /* OrderPage.swift */; };
		4E9D9312276C03AA001FFD3C /* MessagePage.swift in Sources */ = {isa = PBXBuildFile; fileRef = 4E9D9311276C03AA001FFD3C /* MessagePage.swift */; };
		4E9D9314276C03B7001FFD3C /* MinePage.swift in Sources */ = {isa = PBXBuildFile; fileRef = 4E9D9313276C03B7001FFD3C /* MinePage.swift */; };
		4EB30B8D2797B6BB00A755EC /* ProgressModel.swift in Sources */ = {isa = PBXBuildFile; fileRef = 4EB30B8C2797B6BB00A755EC /* ProgressModel.swift */; };
		4EB30B902797C30300A755EC /* WallFixQ1.swift in Sources */ = {isa = PBXBuildFile; fileRef = 4EB30B8F2797C30300A755EC /* WallFixQ1.swift */; };
		4EB30B922797C31800A755EC /* WallFixQ2.swift in Sources */ = {isa = PBXBuildFile; fileRef = 4EB30B912797C31800A755EC /* WallFixQ2.swift */; };
		4EF07A972776E01A00215268 /* AllService.swift in Sources */ = {isa = PBXBuildFile; fileRef = 4EF07A962776E01A00215268 /* AllService.swift */; };
/* End PBXBuildFile section */

/* Begin PBXFileReference section */
		1A9B72D02787421000824697 /* LoginSignupView.swift */ = {isa = PBXFileReference; lastKnownFileType = sourcecode.swift; name = LoginSignupView.swift; path = HandyMan/Views/LoginSignupView.swift; sourceTree = SOURCE_ROOT; };
		1ABBBE15278CD9A9009EFD87 /* PaymentInfoView.swift */ = {isa = PBXFileReference; lastKnownFileType = sourcecode.swift; path = PaymentInfoView.swift; sourceTree = "<group>"; };
		1ABBBE17278CDA0D009EFD87 /* ServiceTermsView.swift */ = {isa = PBXFileReference; lastKnownFileType = sourcecode.swift; path = ServiceTermsView.swift; sourceTree = "<group>"; };
		1ABBBE19278CDA36009EFD87 /* PoliciesView.swift */ = {isa = PBXFileReference; lastKnownFileType = sourcecode.swift; path = PoliciesView.swift; sourceTree = "<group>"; };
		4E0B4CAC2772E13E00E15D88 /* FixView.swift */ = {isa = PBXFileReference; lastKnownFileType = sourcecode.swift; path = FixView.swift; sourceTree = "<group>"; };
		4E0B4CAE2772E14F00E15D88 /* InstallationView.swift */ = {isa = PBXFileReference; lastKnownFileType = sourcecode.swift; path = InstallationView.swift; sourceTree = "<group>"; };
		4E0B4CB02772E17300E15D88 /* RefreshNew.swift */ = {isa = PBXFileReference; lastKnownFileType = sourcecode.swift; path = RefreshNew.swift; sourceTree = "<group>"; };
		4E180B9D277031E30056E04D /* HomeViewModel.swift */ = {isa = PBXFileReference; lastKnownFileType = sourcecode.swift; path = HomeViewModel.swift; sourceTree = "<group>"; };
		4E180B9F277033D40056E04D /* HomeNavView.swift */ = {isa = PBXFileReference; lastKnownFileType = sourcecode.swift; path = HomeNavView.swift; sourceTree = "<group>"; };
		4E19CCE2276AEEED006FF568 /* HandyMan.app */ = {isa = PBXFileReference; explicitFileType = wrapper.application; includeInIndex = 0; path = HandyMan.app; sourceTree = BUILT_PRODUCTS_DIR; };
		4E19CCE5276AEEED006FF568 /* HandyManApp.swift */ = {isa = PBXFileReference; lastKnownFileType = sourcecode.swift; path = HandyManApp.swift; sourceTree = "<group>"; };
		4E19CCE7276AEEED006FF568 /* ContentView.swift */ = {isa = PBXFileReference; lastKnownFileType = sourcecode.swift; path = ContentView.swift; sourceTree = "<group>"; };
		4E19CCE9276AEEF0006FF568 /* Assets.xcassets */ = {isa = PBXFileReference; lastKnownFileType = folder.assetcatalog; path = Assets.xcassets; sourceTree = "<group>"; };
		4E19CCEC276AEEF0006FF568 /* Preview Assets.xcassets */ = {isa = PBXFileReference; lastKnownFileType = folder.assetcatalog; path = "Preview Assets.xcassets"; sourceTree = "<group>"; };
		4E47A62D277FAAAA005BFA05 /* MineContentViewModel.swift */ = {isa = PBXFileReference; lastKnownFileType = sourcecode.swift; path = MineContentViewModel.swift; sourceTree = "<group>"; };
		4E47A62F2780C7AC005BFA05 /* FixViewModel.swift */ = {isa = PBXFileReference; lastKnownFileType = sourcecode.swift; path = FixViewModel.swift; sourceTree = "<group>"; };
		4E47A6312780CF1D005BFA05 /* InstallationViewModel.swift */ = {isa = PBXFileReference; lastKnownFileType = sourcecode.swift; path = InstallationViewModel.swift; sourceTree = "<group>"; };
		4E47A6332780D090005BFA05 /* RefreshNewViewModel.swift */ = {isa = PBXFileReference; lastKnownFileType = sourcecode.swift; path = RefreshNewViewModel.swift; sourceTree = "<group>"; };
		4E47A65F278287DB005BFA05 /* ChatingListPage.swift */ = {isa = PBXFileReference; lastKnownFileType = sourcecode.swift; path = ChatingListPage.swift; sourceTree = "<group>"; };
		4E47A6822785510A005BFA05 /* Keyboard.swift */ = {isa = PBXFileReference; lastKnownFileType = sourcecode.swift; path = Keyboard.swift; sourceTree = "<group>"; };
		4E47A685278565A8005BFA05 /* FixDetail.swift */ = {isa = PBXFileReference; lastKnownFileType = sourcecode.swift; path = FixDetail.swift; sourceTree = "<group>"; };
		4E47A689278692FE005BFA05 /* OtherView.swift */ = {isa = PBXFileReference; lastKnownFileType = sourcecode.swift; path = OtherView.swift; sourceTree = "<group>"; };
		4E47A68B278695CF005BFA05 /* TubeFixView.swift */ = {isa = PBXFileReference; lastKnownFileType = sourcecode.swift; path = TubeFixView.swift; sourceTree = "<group>"; };
		4E47A68D27869B92005BFA05 /* GroundFixView.swift */ = {isa = PBXFileReference; lastKnownFileType = sourcecode.swift; path = GroundFixView.swift; sourceTree = "<group>"; };
		4E47A69127869BD2005BFA05 /* LeakingFixView.swift */ = {isa = PBXFileReference; lastKnownFileType = sourcecode.swift; path = LeakingFixView.swift; sourceTree = "<group>"; };
		4E47A69327869BF2005BFA05 /* OtherFixView.swift */ = {isa = PBXFileReference; lastKnownFileType = sourcecode.swift; path = OtherFixView.swift; sourceTree = "<group>"; };
		4E47A6962786A13F005BFA05 /* InstallDetail.swift */ = {isa = PBXFileReference; lastKnownFileType = sourcecode.swift; path = InstallDetail.swift; sourceTree = "<group>"; };
		4E47A69E2786A283005BFA05 /* FloorInstallView.swift */ = {isa = PBXFileReference; lastKnownFileType = sourcecode.swift; path = FloorInstallView.swift; sourceTree = "<group>"; };
		4E47A6A02786A2AE005BFA05 /* FurnitureInstallView.swift */ = {isa = PBXFileReference; lastKnownFileType = sourcecode.swift; path = FurnitureInstallView.swift; sourceTree = "<group>"; };
		4E47A6A22786A2C8005BFA05 /* OtherInstallView.swift */ = {isa = PBXFileReference; lastKnownFileType = sourcecode.swift; path = OtherInstallView.swift; sourceTree = "<group>"; };
		4E47A6A62786A548005BFA05 /* WallFreshView.swift */ = {isa = PBXFileReference; lastKnownFileType = sourcecode.swift; path = WallFreshView.swift; sourceTree = "<group>"; };
		4E47A6A82786A569005BFA05 /* CeilingFreshView.swift */ = {isa = PBXFileReference; lastKnownFileType = sourcecode.swift; path = CeilingFreshView.swift; sourceTree = "<group>"; };
		4E47A6AA2786A581005BFA05 /* GroundFreshView.swift */ = {isa = PBXFileReference; lastKnownFileType = sourcecode.swift; path = GroundFreshView.swift; sourceTree = "<group>"; };
		4E47A6AC2786A59A005BFA05 /* DoorFreshView.swift */ = {isa = PBXFileReference; lastKnownFileType = sourcecode.swift; path = DoorFreshView.swift; sourceTree = "<group>"; };
		4E47A6AE2786A5B2005BFA05 /* OtherFreshView.swift */ = {isa = PBXFileReference; lastKnownFileType = sourcecode.swift; path = OtherFreshView.swift; sourceTree = "<group>"; };
		4E47A6B02786A5E3005BFA05 /* FreshDetail.swift */ = {isa = PBXFileReference; lastKnownFileType = sourcecode.swift; path = FreshDetail.swift; sourceTree = "<group>"; };
		4E47A6B22786B389005BFA05 /* WallFixView.swift */ = {isa = PBXFileReference; lastKnownFileType = sourcecode.swift; path = WallFixView.swift; sourceTree = "<group>"; };
		4E47A6B42786B3B9005BFA05 /* DoorWindowFixView.swift */ = {isa = PBXFileReference; lastKnownFileType = sourcecode.swift; path = DoorWindowFixView.swift; sourceTree = "<group>"; };
		4E47A6B82786B496005BFA05 /* DoorLockInstallView.swift */ = {isa = PBXFileReference; lastKnownFileType = sourcecode.swift; path = DoorLockInstallView.swift; sourceTree = "<group>"; };
		4E47A6BA2786B4B3005BFA05 /* WallInstallView.swift */ = {isa = PBXFileReference; lastKnownFileType = sourcecode.swift; path = WallInstallView.swift; sourceTree = "<group>"; };
		4E47A6BC2786B53D005BFA05 /* LightInstallView.swift */ = {isa = PBXFileReference; lastKnownFileType = sourcecode.swift; path = LightInstallView.swift; sourceTree = "<group>"; };
		4E47A6BF2787C17B005BFA05 /* MinePageDetail.swift */ = {isa = PBXFileReference; lastKnownFileType = sourcecode.swift; path = MinePageDetail.swift; sourceTree = "<group>"; };
		4E47A6C32787C239005BFA05 /* HistOrderView.swift */ = {isa = PBXFileReference; lastKnownFileType = sourcecode.swift; path = HistOrderView.swift; sourceTree = "<group>"; };
		4E47A6C52787C25F005BFA05 /* MyInfoView.swift */ = {isa = PBXFileReference; lastKnownFileType = sourcecode.swift; path = MyInfoView.swift; sourceTree = "<group>"; };
		4E47A6C72787C278005BFA05 /* RatingView.swift */ = {isa = PBXFileReference; lastKnownFileType = sourcecode.swift; path = RatingView.swift; sourceTree = "<group>"; };
		4E47A6C92787FE0D005BFA05 /* ContactView.swift */ = {isa = PBXFileReference; lastKnownFileType = sourcecode.swift; path = ContactView.swift; sourceTree = "<group>"; };
		4E9D930B276BC4E3001FFD3C /* HomePage.swift */ = {isa = PBXFileReference; lastKnownFileType = sourcecode.swift; path = HomePage.swift; sourceTree = "<group>"; };
		4E9D930D276BDA69001FFD3C /* CustomTabbarView.swift */ = {isa = PBXFileReference; lastKnownFileType = sourcecode.swift; path = CustomTabbarView.swift; sourceTree = "<group>"; };
		4E9D930F276C0395001FFD3C /* OrderPage.swift */ = {isa = PBXFileReference; lastKnownFileType = sourcecode.swift; path = OrderPage.swift; sourceTree = "<group>"; };
		4E9D9311276C03AA001FFD3C /* MessagePage.swift */ = {isa = PBXFileReference; lastKnownFileType = sourcecode.swift; path = MessagePage.swift; sourceTree = "<group>"; };
		4E9D9313276C03B7001FFD3C /* MinePage.swift */ = {isa = PBXFileReference; lastKnownFileType = sourcecode.swift; path = MinePage.swift; sourceTree = "<group>"; };
		4EB30B8C2797B6BB00A755EC /* ProgressModel.swift */ = {isa = PBXFileReference; lastKnownFileType = sourcecode.swift; path = ProgressModel.swift; sourceTree = "<group>"; };
		4EB30B8F2797C30300A755EC /* WallFixQ1.swift */ = {isa = PBXFileReference; lastKnownFileType = sourcecode.swift; path = WallFixQ1.swift; sourceTree = "<group>"; };
		4EB30B912797C31800A755EC /* WallFixQ2.swift */ = {isa = PBXFileReference; lastKnownFileType = sourcecode.swift; path = WallFixQ2.swift; sourceTree = "<group>"; };
		4EF07A962776E01A00215268 /* AllService.swift */ = {isa = PBXFileReference; lastKnownFileType = sourcecode.swift; path = AllService.swift; sourceTree = "<group>"; };
/* End PBXFileReference section */

/* Begin PBXFrameworksBuildPhase section */
		4E19CCDF276AEEED006FF568 /* Frameworks */ = {
			isa = PBXFrameworksBuildPhase;
			buildActionMask = 2147483647;
			files = (
			);
			runOnlyForDeploymentPostprocessing = 0;
		};
/* End PBXFrameworksBuildPhase section */

/* Begin PBXGroup section */
		4E180B9C2770319C0056E04D /* ViewModel */ = {
			isa = PBXGroup;
			children = (
				4E180B9D277031E30056E04D /* HomeViewModel.swift */,
				4E47A62D277FAAAA005BFA05 /* MineContentViewModel.swift */,
				4E47A62F2780C7AC005BFA05 /* FixViewModel.swift */,
				4E47A6312780CF1D005BFA05 /* InstallationViewModel.swift */,
				4E47A6332780D090005BFA05 /* RefreshNewViewModel.swift */,
			);
			path = ViewModel;
			sourceTree = "<group>";
		};
		4E19CCD9276AEEED006FF568 = {
			isa = PBXGroup;
			children = (
				4E19CCE4276AEEED006FF568 /* HandyMan */,
				4E19CCE3276AEEED006FF568 /* Products */,
			);
			sourceTree = "<group>";
		};
		4E19CCE3276AEEED006FF568 /* Products */ = {
			isa = PBXGroup;
			children = (
				4E19CCE2276AEEED006FF568 /* HandyMan.app */,
			);
			name = Products;
			sourceTree = "<group>";
		};
		4E19CCE4276AEEED006FF568 /* HandyMan */ = {
			isa = PBXGroup;
			children = (
				4E47A67D27840C61005BFA05 /* FunctionClass */,
				4E19CCF7276AF20F006FF568 /* Views */,
				4E19CCE5276AEEED006FF568 /* HandyManApp.swift */,
				4E19CCE7276AEEED006FF568 /* ContentView.swift */,
				4E19CCE9276AEEF0006FF568 /* Assets.xcassets */,
				4E19CCEB276AEEF0006FF568 /* Preview Content */,
			);
			path = HandyMan;
			sourceTree = "<group>";
		};
		4E19CCEB276AEEF0006FF568 /* Preview Content */ = {
			isa = PBXGroup;
			children = (
				4E19CCEC276AEEF0006FF568 /* Preview Assets.xcassets */,
			);
			path = "Preview Content";
			sourceTree = "<group>";
		};
		4E19CCF7276AF20F006FF568 /* Views */ = {
			isa = PBXGroup;
			children = (
				4E47A6BE2787C151005BFA05 /* MinePage */,
				4E47A6A42786A441005BFA05 /* RefreshServiceDetail */,
				4E47A6952786A0D0005BFA05 /* InstallServiceDetail */,
				4E47A68427856564005BFA05 /* FixServiceDetail */,
				4E180B9C2770319C0056E04D /* ViewModel */,
				4E9D930B276BC4E3001FFD3C /* HomePage.swift */,
				4E9D930D276BDA69001FFD3C /* CustomTabbarView.swift */,
				4E9D930F276C0395001FFD3C /* OrderPage.swift */,
				4E9D9311276C03AA001FFD3C /* MessagePage.swift */,
				4E9D9313276C03B7001FFD3C /* MinePage.swift */,
				1A9B72D02787421000824697 /* LoginSignupView.swift */,
				4E180B9F277033D40056E04D /* HomeNavView.swift */,
				4E0B4CAC2772E13E00E15D88 /* FixView.swift */,
				4E0B4CAE2772E14F00E15D88 /* InstallationView.swift */,
				4E0B4CB02772E17300E15D88 /* RefreshNew.swift */,
				4EF07A962776E01A00215268 /* AllService.swift */,
				4E47A65F278287DB005BFA05 /* ChatingListPage.swift */,
			);
			path = Views;
			sourceTree = "<group>";
		};
		4E47A67D27840C61005BFA05 /* FunctionClass */ = {
			isa = PBXGroup;
			children = (
				4E47A6822785510A005BFA05 /* Keyboard.swift */,
				4EB30B8C2797B6BB00A755EC /* ProgressModel.swift */,
			);
			path = FunctionClass;
			sourceTree = "<group>";
		};
		4E47A68427856564005BFA05 /* FixServiceDetail */ = {
			isa = PBXGroup;
			children = (
				4EB30B8E2797C2D900A755EC /* WallFixQuestion */,
				4E47A685278565A8005BFA05 /* FixDetail.swift */,
				4E47A689278692FE005BFA05 /* OtherView.swift */,
				4E47A68B278695CF005BFA05 /* TubeFixView.swift */,
				4E47A68D27869B92005BFA05 /* GroundFixView.swift */,
				4E47A69127869BD2005BFA05 /* LeakingFixView.swift */,
				4E47A69327869BF2005BFA05 /* OtherFixView.swift */,
				4E47A6B22786B389005BFA05 /* WallFixView.swift */,
				4E47A6B42786B3B9005BFA05 /* DoorWindowFixView.swift */,
			);
			path = FixServiceDetail;
			sourceTree = "<group>";
		};
		4E47A6952786A0D0005BFA05 /* InstallServiceDetail */ = {
			isa = PBXGroup;
			children = (
				4E47A6962786A13F005BFA05 /* InstallDetail.swift */,
				4E47A69E2786A283005BFA05 /* FloorInstallView.swift */,
				4E47A6A02786A2AE005BFA05 /* FurnitureInstallView.swift */,
				4E47A6A22786A2C8005BFA05 /* OtherInstallView.swift */,
				4E47A6B82786B496005BFA05 /* DoorLockInstallView.swift */,
				4E47A6BA2786B4B3005BFA05 /* WallInstallView.swift */,
				4E47A6BC2786B53D005BFA05 /* LightInstallView.swift */,
			);
			path = InstallServiceDetail;
			sourceTree = "<group>";
		};
		4E47A6A42786A441005BFA05 /* RefreshServiceDetail */ = {
			isa = PBXGroup;
			children = (
				4E47A6B02786A5E3005BFA05 /* FreshDetail.swift */,
				4E47A6A62786A548005BFA05 /* WallFreshView.swift */,
				4E47A6A82786A569005BFA05 /* CeilingFreshView.swift */,
				4E47A6AA2786A581005BFA05 /* GroundFreshView.swift */,
				4E47A6AC2786A59A005BFA05 /* DoorFreshView.swift */,
				4E47A6AE2786A5B2005BFA05 /* OtherFreshView.swift */,
			);
			path = RefreshServiceDetail;
			sourceTree = "<group>";
		};
		4E47A6BE2787C151005BFA05 /* MinePage */ = {
			isa = PBXGroup;
			children = (
				4E47A6BF2787C17B005BFA05 /* MinePageDetail.swift */,
				4E47A6C32787C239005BFA05 /* HistOrderView.swift */,
				4E47A6C52787C25F005BFA05 /* MyInfoView.swift */,
				4E47A6C72787C278005BFA05 /* RatingView.swift */,
				4E47A6C92787FE0D005BFA05 /* ContactView.swift */,
				1ABBBE15278CD9A9009EFD87 /* PaymentInfoView.swift */,
				1ABBBE17278CDA0D009EFD87 /* ServiceTermsView.swift */,
				1ABBBE19278CDA36009EFD87 /* PoliciesView.swift */,
			);
			path = MinePage;
			sourceTree = "<group>";
		};
		4EB30B8E2797C2D900A755EC /* WallFixQuestion */ = {
			isa = PBXGroup;
			children = (
				4EB30B8F2797C30300A755EC /* WallFixQ1.swift */,
				4EB30B912797C31800A755EC /* WallFixQ2.swift */,
			);
			path = WallFixQuestion;
			sourceTree = "<group>";
		};
/* End PBXGroup section */

/* Begin PBXNativeTarget section */
		4E19CCE1276AEEED006FF568 /* HandyMan */ = {
			isa = PBXNativeTarget;
			buildConfigurationList = 4E19CCF0276AEEF0006FF568 /* Build configuration list for PBXNativeTarget "HandyMan" */;
			buildPhases = (
				4E19CCDE276AEEED006FF568 /* Sources */,
				4E19CCDF276AEEED006FF568 /* Frameworks */,
				4E19CCE0276AEEED006FF568 /* Resources */,
			);
			buildRules = (
			);
			dependencies = (
			);
			name = HandyMan;
			productName = HandyMan;
			productReference = 4E19CCE2276AEEED006FF568 /* HandyMan.app */;
			productType = "com.apple.product-type.application";
		};
/* End PBXNativeTarget section */

/* Begin PBXProject section */
		4E19CCDA276AEEED006FF568 /* Project object */ = {
			isa = PBXProject;
			attributes = {
				BuildIndependentTargetsInParallel = 1;
				LastSwiftUpdateCheck = 1310;
				LastUpgradeCheck = 1310;
				TargetAttributes = {
					4E19CCE1276AEEED006FF568 = {
						CreatedOnToolsVersion = 13.1;
					};
				};
			};
			buildConfigurationList = 4E19CCDD276AEEED006FF568 /* Build configuration list for PBXProject "HandyMan" */;
			compatibilityVersion = "Xcode 13.0";
			developmentRegion = en;
			hasScannedForEncodings = 0;
			knownRegions = (
				en,
				Base,
			);
			mainGroup = 4E19CCD9276AEEED006FF568;
			productRefGroup = 4E19CCE3276AEEED006FF568 /* Products */;
			projectDirPath = "";
			projectRoot = "";
			targets = (
				4E19CCE1276AEEED006FF568 /* HandyMan */,
			);
		};
/* End PBXProject section */

/* Begin PBXResourcesBuildPhase section */
		4E19CCE0276AEEED006FF568 /* Resources */ = {
			isa = PBXResourcesBuildPhase;
			buildActionMask = 2147483647;
			files = (
				4E19CCED276AEEF0006FF568 /* Preview Assets.xcassets in Resources */,
				4E19CCEA276AEEF0006FF568 /* Assets.xcassets in Resources */,
			);
			runOnlyForDeploymentPostprocessing = 0;
		};
/* End PBXResourcesBuildPhase section */

/* Begin PBXSourcesBuildPhase section */
		4E19CCDE276AEEED006FF568 /* Sources */ = {
			isa = PBXSourcesBuildPhase;
			buildActionMask = 2147483647;
			files = (
				4EB30B922797C31800A755EC /* WallFixQ2.swift in Sources */,
				4E47A6302780C7AC005BFA05 /* FixViewModel.swift in Sources */,
				4E47A6A92786A569005BFA05 /* CeilingFreshView.swift in Sources */,
				1ABBBE1A278CDA36009EFD87 /* PoliciesView.swift in Sources */,
				4E47A6972786A13F005BFA05 /* InstallDetail.swift in Sources */,
				4E47A6AD2786A59A005BFA05 /* DoorFreshView.swift in Sources */,
				4E47A6342780D090005BFA05 /* RefreshNewViewModel.swift in Sources */,
				4E47A6C42787C239005BFA05 /* HistOrderView.swift in Sources */,
				4E47A6B32786B389005BFA05 /* WallFixView.swift in Sources */,
				4E47A6C82787C278005BFA05 /* RatingView.swift in Sources */,
				1ABBBE18278CDA0D009EFD87 /* ServiceTermsView.swift in Sources */,
				4E47A6832785510A005BFA05 /* Keyboard.swift in Sources */,
				4E47A6AB2786A581005BFA05 /* GroundFreshView.swift in Sources */,
				4E47A6B92786B496005BFA05 /* DoorLockInstallView.swift in Sources */,
				4E47A6A72786A548005BFA05 /* WallFreshView.swift in Sources */,
				4E0B4CAD2772E13E00E15D88 /* FixView.swift in Sources */,
				4E47A6B52786B3B9005BFA05 /* DoorWindowFixView.swift in Sources */,
				1A9B72D12787421000824697 /* LoginSignupView.swift in Sources */,
				4E9D9314276C03B7001FFD3C /* MinePage.swift in Sources */,
				4E47A6C02787C17B005BFA05 /* MinePageDetail.swift in Sources */,
				4E0B4CAF2772E14F00E15D88 /* InstallationView.swift in Sources */,
				4E47A6BB2786B4B3005BFA05 /* WallInstallView.swift in Sources */,
				4E180B9E277031E30056E04D /* HomeViewModel.swift in Sources */,
				4E47A6BD2786B53D005BFA05 /* LightInstallView.swift in Sources */,
				4E47A68A278692FE005BFA05 /* OtherView.swift in Sources */,
				4E19CCE8276AEEED006FF568 /* ContentView.swift in Sources */,
				4E47A6CA2787FE0D005BFA05 /* ContactView.swift in Sources */,
				4E47A6C62787C25F005BFA05 /* MyInfoView.swift in Sources */,
				4E180BA0277033D40056E04D /* HomeNavView.swift in Sources */,
				4E47A68E27869B92005BFA05 /* GroundFixView.swift in Sources */,
				4E47A6322780CF1D005BFA05 /* InstallationViewModel.swift in Sources */,
				4E9D930C276BC4E3001FFD3C /* HomePage.swift in Sources */,
				4E9D9312276C03AA001FFD3C /* MessagePage.swift in Sources */,
				4E47A6AF2786A5B2005BFA05 /* OtherFreshView.swift in Sources */,
				4E47A660278287DB005BFA05 /* ChatingListPage.swift in Sources */,
				4EB30B8D2797B6BB00A755EC /* ProgressModel.swift in Sources */,
				4E47A68C278695CF005BFA05 /* TubeFixView.swift in Sources */,
				4E47A6A12786A2AE005BFA05 /* FurnitureInstallView.swift in Sources */,
				4E19CCE6276AEEED006FF568 /* HandyManApp.swift in Sources */,
				4E47A69227869BD2005BFA05 /* LeakingFixView.swift in Sources */,
				4EB30B902797C30300A755EC /* WallFixQ1.swift in Sources */,
				4EF07A972776E01A00215268 /* AllService.swift in Sources */,
				4E9D930E276BDA69001FFD3C /* CustomTabbarView.swift in Sources */,
				4E0B4CB12772E17300E15D88 /* RefreshNew.swift in Sources */,
				4E47A6A32786A2C8005BFA05 /* OtherInstallView.swift in Sources */,
				4E47A686278565A8005BFA05 /* FixDetail.swift in Sources */,
				1ABBBE16278CD9A9009EFD87 /* PaymentInfoView.swift in Sources */,
				4E47A69F2786A283005BFA05 /* FloorInstallView.swift in Sources */,
				4E47A69427869BF2005BFA05 /* OtherFixView.swift in Sources */,
				4E47A62E277FAAAA005BFA05 /* MineContentViewModel.swift in Sources */,
				4E47A6B12786A5E3005BFA05 /* FreshDetail.swift in Sources */,
				4E9D9310276C0395001FFD3C /* OrderPage.swift in Sources */,
			);
			runOnlyForDeploymentPostprocessing = 0;
		};
/* End PBXSourcesBuildPhase section */

/* Begin XCBuildConfiguration section */
		4E19CCEE276AEEF0006FF568 /* Debug */ = {
			isa = XCBuildConfiguration;
			buildSettings = {
				ALWAYS_SEARCH_USER_PATHS = NO;
				CLANG_ANALYZER_NONNULL = YES;
				CLANG_ANALYZER_NUMBER_OBJECT_CONVERSION = YES_AGGRESSIVE;
				CLANG_CXX_LANGUAGE_STANDARD = "gnu++17";
				CLANG_CXX_LIBRARY = "libc++";
				CLANG_ENABLE_MODULES = YES;
				CLANG_ENABLE_OBJC_ARC = YES;
				CLANG_ENABLE_OBJC_WEAK = YES;
				CLANG_WARN_BLOCK_CAPTURE_AUTORELEASING = YES;
				CLANG_WARN_BOOL_CONVERSION = YES;
				CLANG_WARN_COMMA = YES;
				CLANG_WARN_CONSTANT_CONVERSION = YES;
				CLANG_WARN_DEPRECATED_OBJC_IMPLEMENTATIONS = YES;
				CLANG_WARN_DIRECT_OBJC_ISA_USAGE = YES_ERROR;
				CLANG_WARN_DOCUMENTATION_COMMENTS = YES;
				CLANG_WARN_EMPTY_BODY = YES;
				CLANG_WARN_ENUM_CONVERSION = YES;
				CLANG_WARN_INFINITE_RECURSION = YES;
				CLANG_WARN_INT_CONVERSION = YES;
				CLANG_WARN_NON_LITERAL_NULL_CONVERSION = YES;
				CLANG_WARN_OBJC_IMPLICIT_RETAIN_SELF = YES;
				CLANG_WARN_OBJC_LITERAL_CONVERSION = YES;
				CLANG_WARN_OBJC_ROOT_CLASS = YES_ERROR;
				CLANG_WARN_QUOTED_INCLUDE_IN_FRAMEWORK_HEADER = YES;
				CLANG_WARN_RANGE_LOOP_ANALYSIS = YES;
				CLANG_WARN_STRICT_PROTOTYPES = YES;
				CLANG_WARN_SUSPICIOUS_MOVE = YES;
				CLANG_WARN_UNGUARDED_AVAILABILITY = YES_AGGRESSIVE;
				CLANG_WARN_UNREACHABLE_CODE = YES;
				CLANG_WARN__DUPLICATE_METHOD_MATCH = YES;
				COPY_PHASE_STRIP = NO;
				DEBUG_INFORMATION_FORMAT = dwarf;
				ENABLE_STRICT_OBJC_MSGSEND = YES;
				ENABLE_TESTABILITY = YES;
				GCC_C_LANGUAGE_STANDARD = gnu11;
				GCC_DYNAMIC_NO_PIC = NO;
				GCC_NO_COMMON_BLOCKS = YES;
				GCC_OPTIMIZATION_LEVEL = 0;
				GCC_PREPROCESSOR_DEFINITIONS = (
					"DEBUG=1",
					"$(inherited)",
				);
				GCC_WARN_64_TO_32_BIT_CONVERSION = YES;
				GCC_WARN_ABOUT_RETURN_TYPE = YES_ERROR;
				GCC_WARN_UNDECLARED_SELECTOR = YES;
				GCC_WARN_UNINITIALIZED_AUTOS = YES_AGGRESSIVE;
				GCC_WARN_UNUSED_FUNCTION = YES;
				GCC_WARN_UNUSED_VARIABLE = YES;
				IPHONEOS_DEPLOYMENT_TARGET = 15.0;
				MTL_ENABLE_DEBUG_INFO = INCLUDE_SOURCE;
				MTL_FAST_MATH = YES;
				ONLY_ACTIVE_ARCH = YES;
				SDKROOT = iphoneos;
				SWIFT_ACTIVE_COMPILATION_CONDITIONS = DEBUG;
				SWIFT_OPTIMIZATION_LEVEL = "-Onone";
			};
			name = Debug;
		};
		4E19CCEF276AEEF0006FF568 /* Release */ = {
			isa = XCBuildConfiguration;
			buildSettings = {
				ALWAYS_SEARCH_USER_PATHS = NO;
				CLANG_ANALYZER_NONNULL = YES;
				CLANG_ANALYZER_NUMBER_OBJECT_CONVERSION = YES_AGGRESSIVE;
				CLANG_CXX_LANGUAGE_STANDARD = "gnu++17";
				CLANG_CXX_LIBRARY = "libc++";
				CLANG_ENABLE_MODULES = YES;
				CLANG_ENABLE_OBJC_ARC = YES;
				CLANG_ENABLE_OBJC_WEAK = YES;
				CLANG_WARN_BLOCK_CAPTURE_AUTORELEASING = YES;
				CLANG_WARN_BOOL_CONVERSION = YES;
				CLANG_WARN_COMMA = YES;
				CLANG_WARN_CONSTANT_CONVERSION = YES;
				CLANG_WARN_DEPRECATED_OBJC_IMPLEMENTATIONS = YES;
				CLANG_WARN_DIRECT_OBJC_ISA_USAGE = YES_ERROR;
				CLANG_WARN_DOCUMENTATION_COMMENTS = YES;
				CLANG_WARN_EMPTY_BODY = YES;
				CLANG_WARN_ENUM_CONVERSION = YES;
				CLANG_WARN_INFINITE_RECURSION = YES;
				CLANG_WARN_INT_CONVERSION = YES;
				CLANG_WARN_NON_LITERAL_NULL_CONVERSION = YES;
				CLANG_WARN_OBJC_IMPLICIT_RETAIN_SELF = YES;
				CLANG_WARN_OBJC_LITERAL_CONVERSION = YES;
				CLANG_WARN_OBJC_ROOT_CLASS = YES_ERROR;
				CLANG_WARN_QUOTED_INCLUDE_IN_FRAMEWORK_HEADER = YES;
				CLANG_WARN_RANGE_LOOP_ANALYSIS = YES;
				CLANG_WARN_STRICT_PROTOTYPES = YES;
				CLANG_WARN_SUSPICIOUS_MOVE = YES;
				CLANG_WARN_UNGUARDED_AVAILABILITY = YES_AGGRESSIVE;
				CLANG_WARN_UNREACHABLE_CODE = YES;
				CLANG_WARN__DUPLICATE_METHOD_MATCH = YES;
				COPY_PHASE_STRIP = NO;
				DEBUG_INFORMATION_FORMAT = "dwarf-with-dsym";
				ENABLE_NS_ASSERTIONS = NO;
				ENABLE_STRICT_OBJC_MSGSEND = YES;
				GCC_C_LANGUAGE_STANDARD = gnu11;
				GCC_NO_COMMON_BLOCKS = YES;
				GCC_WARN_64_TO_32_BIT_CONVERSION = YES;
				GCC_WARN_ABOUT_RETURN_TYPE = YES_ERROR;
				GCC_WARN_UNDECLARED_SELECTOR = YES;
				GCC_WARN_UNINITIALIZED_AUTOS = YES_AGGRESSIVE;
				GCC_WARN_UNUSED_FUNCTION = YES;
				GCC_WARN_UNUSED_VARIABLE = YES;
				IPHONEOS_DEPLOYMENT_TARGET = 15.0;
				MTL_ENABLE_DEBUG_INFO = NO;
				MTL_FAST_MATH = YES;
				SDKROOT = iphoneos;
				SWIFT_COMPILATION_MODE = wholemodule;
				SWIFT_OPTIMIZATION_LEVEL = "-O";
				VALIDATE_PRODUCT = YES;
			};
			name = Release;
		};
		4E19CCF1276AEEF0006FF568 /* Debug */ = {
			isa = XCBuildConfiguration;
			buildSettings = {
				ASSETCATALOG_COMPILER_APPICON_NAME = AppIcon;
				ASSETCATALOG_COMPILER_GLOBAL_ACCENT_COLOR_NAME = AccentColor;
				CODE_SIGN_STYLE = Automatic;
				CURRENT_PROJECT_VERSION = 1;
				DEVELOPMENT_ASSET_PATHS = "\"HandyMan/Preview Content\"";
				DEVELOPMENT_TEAM = 7699RC7BQ3;
				ENABLE_PREVIEWS = YES;
				GENERATE_INFOPLIST_FILE = YES;
				INFOPLIST_KEY_UIApplicationSceneManifest_Generation = YES;
				INFOPLIST_KEY_UIApplicationSupportsIndirectInputEvents = YES;
				INFOPLIST_KEY_UILaunchScreen_Generation = YES;
				INFOPLIST_KEY_UISupportedInterfaceOrientations_iPad = "UIInterfaceOrientationPortrait UIInterfaceOrientationPortraitUpsideDown UIInterfaceOrientationLandscapeLeft UIInterfaceOrientationLandscapeRight";
				INFOPLIST_KEY_UISupportedInterfaceOrientations_iPhone = "UIInterfaceOrientationPortrait UIInterfaceOrientationLandscapeLeft UIInterfaceOrientationLandscapeRight";
				LD_RUNPATH_SEARCH_PATHS = (
					"$(inherited)",
					"@executable_path/Frameworks",
				);
				MARKETING_VERSION = 1.0;
				PRODUCT_BUNDLE_IDENTIFIER = com.gary.HandyMan;
				PRODUCT_NAME = "$(TARGET_NAME)";
				SWIFT_EMIT_LOC_STRINGS = YES;
				SWIFT_VERSION = 5.0;
				TARGETED_DEVICE_FAMILY = "1,2";
			};
			name = Debug;
		};
		4E19CCF2276AEEF0006FF568 /* Release */ = {
			isa = XCBuildConfiguration;
			buildSettings = {
				ASSETCATALOG_COMPILER_APPICON_NAME = AppIcon;
				ASSETCATALOG_COMPILER_GLOBAL_ACCENT_COLOR_NAME = AccentColor;
				CODE_SIGN_STYLE = Automatic;
				CURRENT_PROJECT_VERSION = 1;
				DEVELOPMENT_ASSET_PATHS = "\"HandyMan/Preview Content\"";
				DEVELOPMENT_TEAM = 7699RC7BQ3;
				ENABLE_PREVIEWS = YES;
				GENERATE_INFOPLIST_FILE = YES;
				INFOPLIST_KEY_UIApplicationSceneManifest_Generation = YES;
				INFOPLIST_KEY_UIApplicationSupportsIndirectInputEvents = YES;
				INFOPLIST_KEY_UILaunchScreen_Generation = YES;
				INFOPLIST_KEY_UISupportedInterfaceOrientations_iPad = "UIInterfaceOrientationPortrait UIInterfaceOrientationPortraitUpsideDown UIInterfaceOrientationLandscapeLeft UIInterfaceOrientationLandscapeRight";
				INFOPLIST_KEY_UISupportedInterfaceOrientations_iPhone = "UIInterfaceOrientationPortrait UIInterfaceOrientationLandscapeLeft UIInterfaceOrientationLandscapeRight";
				LD_RUNPATH_SEARCH_PATHS = (
					"$(inherited)",
					"@executable_path/Frameworks",
				);
				MARKETING_VERSION = 1.0;
				PRODUCT_BUNDLE_IDENTIFIER = com.gary.HandyMan;
				PRODUCT_NAME = "$(TARGET_NAME)";
				SWIFT_EMIT_LOC_STRINGS = YES;
				SWIFT_VERSION = 5.0;
				TARGETED_DEVICE_FAMILY = "1,2";
			};
			name = Release;
		};
/* End XCBuildConfiguration section */

/* Begin XCConfigurationList section */
		4E19CCDD276AEEED006FF568 /* Build configuration list for PBXProject "HandyMan" */ = {
			isa = XCConfigurationList;
			buildConfigurations = (
				4E19CCEE276AEEF0006FF568 /* Debug */,
				4E19CCEF276AEEF0006FF568 /* Release */,
			);
			defaultConfigurationIsVisible = 0;
			defaultConfigurationName = Release;
		};
		4E19CCF0276AEEF0006FF568 /* Build configuration list for PBXNativeTarget "HandyMan" */ = {
			isa = XCConfigurationList;
			buildConfigurations = (
				4E19CCF1276AEEF0006FF568 /* Debug */,
				4E19CCF2276AEEF0006FF568 /* Release */,
			);
			defaultConfigurationIsVisible = 0;
			defaultConfigurationName = Release;
		};
/* End XCConfigurationList section */
	};
	rootObject = 4E19CCDA276AEEED006FF568 /* Project object */;
}
